
Microsoft Visual Studio Solution File, Format Version 12.00
# Visual Studio Version 17
VisualStudioVersion = 17.2.32616.157
MinimumVisualStudioVersion = 10.0.40219.1
Project("{9A19103F-16F7-4668-BE54-9A1E7A4F7556}") = "IDS.QuickAnnotator.API", "IDS.QuickAnnotator.API.csproj", "{46E37D7A-0E14-4BEF-92E5-63CA6D401A08}"
EndProject
Project("{9A19103F-16F7-4668-BE54-9A1E7A4F7556}") = "IDS.QuickAnnotator.Processor", "..\IDS.QuickAnnotator.Processor\IDS.QuickAnnotator.Processor.csproj", "{4741A4CB-17C5-4251-8045-AA1FBC6D66C3}"
EndProject
Project("{FAE04EC0-301F-11D3-BF4B-00C04F79EFBC}") = "IDS.QuickAnnotator.Client", "..\IDS.QuickAnnotator.Client\IDS.QuickAnnotator.Client.csproj", "{F7CFC71C-BF6B-4ACC-9168-0C37453E71CA}"
EndProject
Project("{FAE04EC0-301F-11D3-BF4B-00C04F79EFBC}") = "IDS.QuickAnnotator.Tool4.CalcDiff", "..\IDS.QuickAnnotator.Tool4.CalcDiff\IDS.QuickAnnotator.Tool4.CalcDiff.csproj", "{8FB9E895-673E-4CB6-8AE7-0161D6BAF611}"
EndProject
Project("{9A19103F-16F7-4668-BE54-9A1E7A4F7556}") = "IDS.QuickAnnotator.Tool4.ConvertToCorpus", "..\IDS.QuickAnnotator.Tool4.ConvertToCorpus\IDS.QuickAnnotator.Tool4.ConvertToCorpus.csproj", "{8A67C53B-B83D-4C47-91E8-AF234F487A83}"
EndProject
Project("{9A19103F-16F7-4668-BE54-9A1E7A4F7556}") = "IDS.KorAP.Cec6Toolbox.SelectDocumentsBySigle", "..\..\IDS.KorAP.Cec6Toolbox\IDS.KorAP.Cec6Toolbox.SelectDocumentsBySigle\IDS.KorAP.Cec6Toolbox.SelectDocumentsBySigle.csproj", "{ED27591F-C6F8-467D-A1E7-28745348168E}"
EndProject
Project("{2150E333-8FDC-42A3-9474-1A3956D46DE8}") = "1. Erstellen", "1. Erstellen", "{27150B9A-2882-44D8-A366-BFAA0DB63EBD}"
EndProject
Project("{2150E333-8FDC-42A3-9474-1A3956D46DE8}") = "2. WebService", "2. WebService", "{3D806B52-954A-4329-BDBE-64983D839BE3}"
EndProject
Project("{2150E333-8FDC-42A3-9474-1A3956D46DE8}") = "3. Client", "3. Client", "{47204E0C-997C-49FB-8EA6-A976967E1C2D}"
EndProject
Project("{2150E333-8FDC-42A3-9474-1A3956D46DE8}") = "4. Nachbereitung", "4. Nachbereitung", "{D53EA757-1F25-41C8-9B42-98A9FC9773BE}"
EndProject
Project("{FAE04EC0-301F-11D3-BF4B-00C04F79EFBC}") = "IDS.QuickAnnotator.Tool4.ConvertToJournal", "..\IDS.QuickAnnotator.Tool4.ConvertToJournal\IDS.QuickAnnotator.Tool4.ConvertToJournal.csproj", "{AC5AE36D-D529-4169-BB7B-0E24CEFC7F38}"
EndProject
Project("{FAE04EC0-301F-11D3-BF4B-00C04F79EFBC}") = "IDS.QuickAnnotator.Tool4.RemoveAnnotator", "..\IDS.QuickAnnotator.Tool4.RemoveAnnotator\IDS.QuickAnnotator.Tool4.RemoveAnnotator.csproj", "{A3B658B5-645B-4354-BD3B-FEFF0EB3B88B}"
EndProject
Project("{FAE04EC0-301F-11D3-BF4B-00C04F79EFBC}") = "IDS.QuickAnnotator.Tool4.ApplyAnnotatorFixes", "..\IDS.QuickAnnotator.Tool4.ApplyAnnotatorFixes\IDS.QuickAnnotator.Tool4.ApplyAnnotatorFixes.csproj", "{62CE4207-2260-4BAF-9885-92F731A5918F}"
EndProject
Project("{2150E333-8FDC-42A3-9474-1A3956D46DE8}") = "4.1. Bereinigung", "4.1. Bereinigung", "{49302C23-B4F5-44AD-8E17-6453992E7388}"
EndProject
Project("{2150E333-8FDC-42A3-9474-1A3956D46DE8}") = "4.2. Analyse", "4.2. Analyse", "{C600FCAD-8FA5-4A7F-96F9-5A9F3FEBED5A}"
EndProject
Project("{9A19103F-16F7-4668-BE54-9A1E7A4F7556}") = "TFRES.DotNet5", "..\..\..\..\Projekte-Kooperation\TfresWebserver\TFRES.DotNet5\TFRES.DotNet5.csproj", "{A01A7020-70BD-45DA-BAC0-A206E54C004A}"
EndProject
Project("{9A19103F-16F7-4668-BE54-9A1E7A4F7556}") = "IDS.QuickAnnotator.CorpusPreSampler", "..\IDS.QuickAnnotator.CorpusPreSampler\IDS.QuickAnnotator.CorpusPreSampler.csproj", "{C4B5C120-3136-4308-A2E9-B1AAC8DFD0DA}"
EndProject
Project("{9A19103F-16F7-4668-BE54-9A1E7A4F7556}") = "IDS.QuickAnnotator.QafSampler", "..\IDS.QuickAnnotator.QafSampler\IDS.QuickAnnotator.QafSampler.csproj", "{B9C5E2F2-2A8F-493B-8D0F-AE2496CF93E3}"
EndProject
Project("{FAE04EC0-301F-11D3-BF4B-00C04F79EFBC}") = "IDS.QuickAnnotator.Client.Selector", "..\IDS.QuickAnnotator.Client.Selector\IDS.QuickAnnotator.Client.Selector.csproj", "{66BE23DE-B7EF-4062-9C50-F74F7684EAE2}"
EndProject
Project("{9A19103F-16F7-4668-BE54-9A1E7A4F7556}") = "IDS.KorAP.Cec6Toolbox.ConvertEveryDocumentToJson", "..\..\IDS.KorAP.Cec6Toolbox\IDS.KorAP.Cec6Toolbox.ConvertEveryDocumentToJson\IDS.KorAP.Cec6Toolbox.ConvertEveryDocumentToJson.csproj", "{1C199635-BA2D-48ED-BC3D-0AD3FAA51450}"
EndProject
Project("{9A19103F-16F7-4668-BE54-9A1E7A4F7556}") = "IDS.QuickAnnotator.Tool4.OnlyAnnotatedBy", "..\IDS.QuickAnnotator.Tool4.OnlyAnnotatedBy\IDS.QuickAnnotator.Tool4.OnlyAnnotatedBy.csproj", "{A829635A-BD54-4092-911F-6C54DBE96AE7}"
EndProject
Project("{2150E333-8FDC-42A3-9474-1A3956D46DE8}") = "4.3. Erweiterte Analyse", "4.3. Erweiterte Analyse", "{C5BE45E1-162E-4D06-8363-ABE2C642B455}"
EndProject
Project("{9A19103F-16F7-4668-BE54-9A1E7A4F7556}") = "IDS.QuickAnnotator.Tool4.FindMatchSentences", "..\IDS.QuickAnnotator.Tool4.FindMatchSentences\IDS.QuickAnnotator.Tool4.FindMatchSentences.csproj", "{0E69640C-8DC2-4D0C-B5C3-C8311A88590C}"
EndProject
Project("{FAE04EC0-301F-11D3-BF4B-00C04F79EFBC}") = "IDS.QuickAnnotator.Tool4.DominicSchmitz", "..\IDS.QuickAnnotator.Tool4.DominicSchmitz\IDS.QuickAnnotator.Tool4.DominicSchmitz.csproj", "{104314D6-69BC-4C4D-B2DF-474A7AED0BFE}"
EndProject
Project("{2150E333-8FDC-42A3-9474-1A3956D46DE8}") = "0. External", "0. External", "{B28D3168-4904-4765-A9B3-3BF67BC038DF}"
EndProject
Project("{FAE04EC0-301F-11D3-BF4B-00C04F79EFBC}") = "BitCutStudios.CorpusExplorer", "..\..\..\CorpusExplorerV2\CorpusExplorer\BitCutStudios.CorpusExplorer\BitCutStudios.CorpusExplorer.csproj", "{3226C218-0FB3-43A6-A67C-39CBAC704EA3}"
EndProject
Project("{FAE04EC0-301F-11D3-BF4B-00C04F79EFBC}") = "CorpusExplorer.Sdk.Diagnostic", "..\..\..\CorpusExplorerV2\CorpusExplorer\CorpusExplorer.Sdk.Diagnostic\CorpusExplorer.Sdk.Diagnostic.csproj", "{2D491EC8-11C5-4C02-B604-48B8458174E1}"
EndProject
Project("{FAE04EC0-301F-11D3-BF4B-00C04F79EFBC}") = "CorpusExplorer.Sdk", "..\..\..\CorpusExplorerV2\CorpusExplorer\CorpusExplorer.Sdk\CorpusExplorer.Sdk.csproj", "{DC1B5A58-29DA-476D-89F8-E73A1DB11E52}"
EndProject
Project("{FAE04EC0-301F-11D3-BF4B-00C04F79EFBC}") = "CorpusExplorer.Sdk.Extern.Json", "..\..\..\CorpusExplorerV2\CorpusExplorer\CorpusExplorer.Sdk.Extern.Json\CorpusExplorer.Sdk.Extern.Json.csproj", "{DD54A9B0-80A9-4DD6-83A6-65359086CE18}"
EndProject
Project("{FAE04EC0-301F-11D3-BF4B-00C04F79EFBC}") = "IDS.QuickAnnotator.App", "..\IDS.QuickAnnotator.App\IDS.QuickAnnotator.App.csproj", "{97AFB764-0ADA-419A-8830-AC4D641EF917}"
EndProject
Global
	GlobalSection(SolutionConfigurationPlatforms) = preSolution
		Debug (Linux)|Any CPU = Debug (Linux)|Any CPU
		Debug|Any CPU = Debug|Any CPU
		Release|Any CPU = Release|Any CPU
	EndGlobalSection
	GlobalSection(ProjectConfigurationPlatforms) = postSolution
		{46E37D7A-0E14-4BEF-92E5-63CA6D401A08}.Debug (Linux)|Any CPU.ActiveCfg = Debug|Any CPU
		{46E37D7A-0E14-4BEF-92E5-63CA6D401A08}.Debug (Linux)|Any CPU.Build.0 = Debug|Any CPU
		{46E37D7A-0E14-4BEF-92E5-63CA6D401A08}.Debug|Any CPU.ActiveCfg = Debug|Any CPU
		{46E37D7A-0E14-4BEF-92E5-63CA6D401A08}.Debug|Any CPU.Build.0 = Debug|Any CPU
		{46E37D7A-0E14-4BEF-92E5-63CA6D401A08}.Release|Any CPU.ActiveCfg = Release|Any CPU
		{46E37D7A-0E14-4BEF-92E5-63CA6D401A08}.Release|Any CPU.Build.0 = Release|Any CPU
		{4741A4CB-17C5-4251-8045-AA1FBC6D66C3}.Debug (Linux)|Any CPU.ActiveCfg = Debug|Any CPU
		{4741A4CB-17C5-4251-8045-AA1FBC6D66C3}.Debug (Linux)|Any CPU.Build.0 = Debug|Any CPU
		{4741A4CB-17C5-4251-8045-AA1FBC6D66C3}.Debug|Any CPU.ActiveCfg = Debug|Any CPU
		{4741A4CB-17C5-4251-8045-AA1FBC6D66C3}.Debug|Any CPU.Build.0 = Debug|Any CPU
		{4741A4CB-17C5-4251-8045-AA1FBC6D66C3}.Release|Any CPU.ActiveCfg = Release|Any CPU
		{4741A4CB-17C5-4251-8045-AA1FBC6D66C3}.Release|Any CPU.Build.0 = Release|Any CPU
		{F7CFC71C-BF6B-4ACC-9168-0C37453E71CA}.Debug (Linux)|Any CPU.ActiveCfg = Debug|Any CPU
		{F7CFC71C-BF6B-4ACC-9168-0C37453E71CA}.Debug (Linux)|Any CPU.Build.0 = Debug|Any CPU
		{F7CFC71C-BF6B-4ACC-9168-0C37453E71CA}.Debug|Any CPU.ActiveCfg = Debug|Any CPU
		{F7CFC71C-BF6B-4ACC-9168-0C37453E71CA}.Debug|Any CPU.Build.0 = Debug|Any CPU
		{F7CFC71C-BF6B-4ACC-9168-0C37453E71CA}.Release|Any CPU.ActiveCfg = Release|Any CPU
		{F7CFC71C-BF6B-4ACC-9168-0C37453E71CA}.Release|Any CPU.Build.0 = Release|Any CPU
		{8FB9E895-673E-4CB6-8AE7-0161D6BAF611}.Debug (Linux)|Any CPU.ActiveCfg = Debug|Any CPU
		{8FB9E895-673E-4CB6-8AE7-0161D6BAF611}.Debug (Linux)|Any CPU.Build.0 = Debug|Any CPU
		{8FB9E895-673E-4CB6-8AE7-0161D6BAF611}.Debug|Any CPU.ActiveCfg = Debug|Any CPU
		{8FB9E895-673E-4CB6-8AE7-0161D6BAF611}.Debug|Any CPU.Build.0 = Debug|Any CPU
		{8FB9E895-673E-4CB6-8AE7-0161D6BAF611}.Release|Any CPU.ActiveCfg = Release|Any CPU
		{8FB9E895-673E-4CB6-8AE7-0161D6BAF611}.Release|Any CPU.Build.0 = Release|Any CPU
		{8A67C53B-B83D-4C47-91E8-AF234F487A83}.Debug (Linux)|Any CPU.ActiveCfg = Debug|Any CPU
		{8A67C53B-B83D-4C47-91E8-AF234F487A83}.Debug (Linux)|Any CPU.Build.0 = Debug|Any CPU
		{8A67C53B-B83D-4C47-91E8-AF234F487A83}.Debug|Any CPU.ActiveCfg = Debug|Any CPU
		{8A67C53B-B83D-4C47-91E8-AF234F487A83}.Debug|Any CPU.Build.0 = Debug|Any CPU
		{8A67C53B-B83D-4C47-91E8-AF234F487A83}.Release|Any CPU.ActiveCfg = Release|Any CPU
		{8A67C53B-B83D-4C47-91E8-AF234F487A83}.Release|Any CPU.Build.0 = Release|Any CPU
		{ED27591F-C6F8-467D-A1E7-28745348168E}.Debug (Linux)|Any CPU.ActiveCfg = Debug|Any CPU
		{ED27591F-C6F8-467D-A1E7-28745348168E}.Debug (Linux)|Any CPU.Build.0 = Debug|Any CPU
		{ED27591F-C6F8-467D-A1E7-28745348168E}.Debug|Any CPU.ActiveCfg = Debug|Any CPU
		{ED27591F-C6F8-467D-A1E7-28745348168E}.Debug|Any CPU.Build.0 = Debug|Any CPU
		{ED27591F-C6F8-467D-A1E7-28745348168E}.Release|Any CPU.ActiveCfg = Release|Any CPU
		{ED27591F-C6F8-467D-A1E7-28745348168E}.Release|Any CPU.Build.0 = Release|Any CPU
		{AC5AE36D-D529-4169-BB7B-0E24CEFC7F38}.Debug (Linux)|Any CPU.ActiveCfg = Debug|Any CPU
		{AC5AE36D-D529-4169-BB7B-0E24CEFC7F38}.Debug (Linux)|Any CPU.Build.0 = Debug|Any CPU
		{AC5AE36D-D529-4169-BB7B-0E24CEFC7F38}.Debug|Any CPU.ActiveCfg = Debug|Any CPU
		{AC5AE36D-D529-4169-BB7B-0E24CEFC7F38}.Debug|Any CPU.Build.0 = Debug|Any CPU
		{AC5AE36D-D529-4169-BB7B-0E24CEFC7F38}.Release|Any CPU.ActiveCfg = Release|Any CPU
		{AC5AE36D-D529-4169-BB7B-0E24CEFC7F38}.Release|Any CPU.Build.0 = Release|Any CPU
		{A3B658B5-645B-4354-BD3B-FEFF0EB3B88B}.Debug (Linux)|Any CPU.ActiveCfg = Debug|Any CPU
		{A3B658B5-645B-4354-BD3B-FEFF0EB3B88B}.Debug (Linux)|Any CPU.Build.0 = Debug|Any CPU
		{A3B658B5-645B-4354-BD3B-FEFF0EB3B88B}.Debug|Any CPU.ActiveCfg = Debug|Any CPU
		{A3B658B5-645B-4354-BD3B-FEFF0EB3B88B}.Debug|Any CPU.Build.0 = Debug|Any CPU
		{A3B658B5-645B-4354-BD3B-FEFF0EB3B88B}.Release|Any CPU.ActiveCfg = Release|Any CPU
		{A3B658B5-645B-4354-BD3B-FEFF0EB3B88B}.Release|Any CPU.Build.0 = Release|Any CPU
		{62CE4207-2260-4BAF-9885-92F731A5918F}.Debug (Linux)|Any CPU.ActiveCfg = Debug|Any CPU
		{62CE4207-2260-4BAF-9885-92F731A5918F}.Debug (Linux)|Any CPU.Build.0 = Debug|Any CPU
		{62CE4207-2260-4BAF-9885-92F731A5918F}.Debug|Any CPU.ActiveCfg = Debug|Any CPU
		{62CE4207-2260-4BAF-9885-92F731A5918F}.Debug|Any CPU.Build.0 = Debug|Any CPU
		{62CE4207-2260-4BAF-9885-92F731A5918F}.Release|Any CPU.ActiveCfg = Release|Any CPU
		{62CE4207-2260-4BAF-9885-92F731A5918F}.Release|Any CPU.Build.0 = Release|Any CPU
		{A01A7020-70BD-45DA-BAC0-A206E54C004A}.Debug (Linux)|Any CPU.ActiveCfg = Debug|Any CPU
		{A01A7020-70BD-45DA-BAC0-A206E54C004A}.Debug (Linux)|Any CPU.Build.0 = Debug|Any CPU
		{A01A7020-70BD-45DA-BAC0-A206E54C004A}.Debug|Any CPU.ActiveCfg = Debug|Any CPU
		{A01A7020-70BD-45DA-BAC0-A206E54C004A}.Debug|Any CPU.Build.0 = Debug|Any CPU
		{A01A7020-70BD-45DA-BAC0-A206E54C004A}.Release|Any CPU.ActiveCfg = Release|Any CPU
		{A01A7020-70BD-45DA-BAC0-A206E54C004A}.Release|Any CPU.Build.0 = Release|Any CPU
		{C4B5C120-3136-4308-A2E9-B1AAC8DFD0DA}.Debug (Linux)|Any CPU.ActiveCfg = Debug|Any CPU
		{C4B5C120-3136-4308-A2E9-B1AAC8DFD0DA}.Debug (Linux)|Any CPU.Build.0 = Debug|Any CPU
		{C4B5C120-3136-4308-A2E9-B1AAC8DFD0DA}.Debug|Any CPU.ActiveCfg = Debug|Any CPU
		{C4B5C120-3136-4308-A2E9-B1AAC8DFD0DA}.Debug|Any CPU.Build.0 = Debug|Any CPU
		{C4B5C120-3136-4308-A2E9-B1AAC8DFD0DA}.Release|Any CPU.ActiveCfg = Release|Any CPU
		{C4B5C120-3136-4308-A2E9-B1AAC8DFD0DA}.Release|Any CPU.Build.0 = Release|Any CPU
		{B9C5E2F2-2A8F-493B-8D0F-AE2496CF93E3}.Debug (Linux)|Any CPU.ActiveCfg = Debug|Any CPU
		{B9C5E2F2-2A8F-493B-8D0F-AE2496CF93E3}.Debug (Linux)|Any CPU.Build.0 = Debug|Any CPU
		{B9C5E2F2-2A8F-493B-8D0F-AE2496CF93E3}.Debug|Any CPU.ActiveCfg = Debug|Any CPU
		{B9C5E2F2-2A8F-493B-8D0F-AE2496CF93E3}.Debug|Any CPU.Build.0 = Debug|Any CPU
		{B9C5E2F2-2A8F-493B-8D0F-AE2496CF93E3}.Release|Any CPU.ActiveCfg = Release|Any CPU
		{B9C5E2F2-2A8F-493B-8D0F-AE2496CF93E3}.Release|Any CPU.Build.0 = Release|Any CPU
		{66BE23DE-B7EF-4062-9C50-F74F7684EAE2}.Debug (Linux)|Any CPU.ActiveCfg = Debug|Any CPU
		{66BE23DE-B7EF-4062-9C50-F74F7684EAE2}.Debug (Linux)|Any CPU.Build.0 = Debug|Any CPU
		{66BE23DE-B7EF-4062-9C50-F74F7684EAE2}.Debug|Any CPU.ActiveCfg = Debug|Any CPU
		{66BE23DE-B7EF-4062-9C50-F74F7684EAE2}.Debug|Any CPU.Build.0 = Debug|Any CPU
		{66BE23DE-B7EF-4062-9C50-F74F7684EAE2}.Release|Any CPU.ActiveCfg = Release|Any CPU
		{66BE23DE-B7EF-4062-9C50-F74F7684EAE2}.Release|Any CPU.Build.0 = Release|Any CPU
		{1C199635-BA2D-48ED-BC3D-0AD3FAA51450}.Debug (Linux)|Any CPU.ActiveCfg = Debug|Any CPU
		{1C199635-BA2D-48ED-BC3D-0AD3FAA51450}.Debug (Linux)|Any CPU.Build.0 = Debug|Any CPU
		{1C199635-BA2D-48ED-BC3D-0AD3FAA51450}.Debug|Any CPU.ActiveCfg = Debug|Any CPU
		{1C199635-BA2D-48ED-BC3D-0AD3FAA51450}.Debug|Any CPU.Build.0 = Debug|Any CPU
		{1C199635-BA2D-48ED-BC3D-0AD3FAA51450}.Release|Any CPU.ActiveCfg = Release|Any CPU
		{1C199635-BA2D-48ED-BC3D-0AD3FAA51450}.Release|Any CPU.Build.0 = Release|Any CPU
		{A829635A-BD54-4092-911F-6C54DBE96AE7}.Debug (Linux)|Any CPU.ActiveCfg = Debug|Any CPU
		{A829635A-BD54-4092-911F-6C54DBE96AE7}.Debug (Linux)|Any CPU.Build.0 = Debug|Any CPU
		{A829635A-BD54-4092-911F-6C54DBE96AE7}.Debug|Any CPU.ActiveCfg = Debug|Any CPU
		{A829635A-BD54-4092-911F-6C54DBE96AE7}.Debug|Any CPU.Build.0 = Debug|Any CPU
		{A829635A-BD54-4092-911F-6C54DBE96AE7}.Release|Any CPU.ActiveCfg = Release|Any CPU
		{A829635A-BD54-4092-911F-6C54DBE96AE7}.Release|Any CPU.Build.0 = Release|Any CPU
		{0E69640C-8DC2-4D0C-B5C3-C8311A88590C}.Debug (Linux)|Any CPU.ActiveCfg = Debug|Any CPU
		{0E69640C-8DC2-4D0C-B5C3-C8311A88590C}.Debug (Linux)|Any CPU.Build.0 = Debug|Any CPU
		{0E69640C-8DC2-4D0C-B5C3-C8311A88590C}.Debug|Any CPU.ActiveCfg = Debug|Any CPU
		{0E69640C-8DC2-4D0C-B5C3-C8311A88590C}.Debug|Any CPU.Build.0 = Debug|Any CPU
		{0E69640C-8DC2-4D0C-B5C3-C8311A88590C}.Release|Any CPU.ActiveCfg = Release|Any CPU
		{0E69640C-8DC2-4D0C-B5C3-C8311A88590C}.Release|Any CPU.Build.0 = Release|Any CPU
		{104314D6-69BC-4C4D-B2DF-474A7AED0BFE}.Debug (Linux)|Any CPU.ActiveCfg = Debug|Any CPU
		{104314D6-69BC-4C4D-B2DF-474A7AED0BFE}.Debug (Linux)|Any CPU.Build.0 = Debug|Any CPU
		{104314D6-69BC-4C4D-B2DF-474A7AED0BFE}.Debug|Any CPU.ActiveCfg = Debug|Any CPU
		{104314D6-69BC-4C4D-B2DF-474A7AED0BFE}.Debug|Any CPU.Build.0 = Debug|Any CPU
		{104314D6-69BC-4C4D-B2DF-474A7AED0BFE}.Release|Any CPU.ActiveCfg = Release|Any CPU
		{104314D6-69BC-4C4D-B2DF-474A7AED0BFE}.Release|Any CPU.Build.0 = Release|Any CPU
		{3226C218-0FB3-43A6-A67C-39CBAC704EA3}.Debug (Linux)|Any CPU.ActiveCfg = Debug (Linux)|Any CPU
		{3226C218-0FB3-43A6-A67C-39CBAC704EA3}.Debug (Linux)|Any CPU.Build.0 = Debug (Linux)|Any CPU
		{3226C218-0FB3-43A6-A67C-39CBAC704EA3}.Debug|Any CPU.ActiveCfg = Debug|Any CPU
		{3226C218-0FB3-43A6-A67C-39CBAC704EA3}.Debug|Any CPU.Build.0 = Debug|Any CPU
		{3226C218-0FB3-43A6-A67C-39CBAC704EA3}.Release|Any CPU.ActiveCfg = Release|Any CPU
		{3226C218-0FB3-43A6-A67C-39CBAC704EA3}.Release|Any CPU.Build.0 = Release|Any CPU
		{2D491EC8-11C5-4C02-B604-48B8458174E1}.Debug (Linux)|Any CPU.ActiveCfg = Debug (Linux)|Any CPU
		{2D491EC8-11C5-4C02-B604-48B8458174E1}.Debug (Linux)|Any CPU.Build.0 = Debug (Linux)|Any CPU
		{2D491EC8-11C5-4C02-B604-48B8458174E1}.Debug|Any CPU.ActiveCfg = Debug|Any CPU
		{2D491EC8-11C5-4C02-B604-48B8458174E1}.Debug|Any CPU.Build.0 = Debug|Any CPU
		{2D491EC8-11C5-4C02-B604-48B8458174E1}.Release|Any CPU.ActiveCfg = Release|Any CPU
		{2D491EC8-11C5-4C02-B604-48B8458174E1}.Release|Any CPU.Build.0 = Release|Any CPU
		{DC1B5A58-29DA-476D-89F8-E73A1DB11E52}.Debug (Linux)|Any CPU.ActiveCfg = Debug (Linux)|Any CPU
		{DC1B5A58-29DA-476D-89F8-E73A1DB11E52}.Debug (Linux)|Any CPU.Build.0 = Debug (Linux)|Any CPU
		{DC1B5A58-29DA-476D-89F8-E73A1DB11E52}.Debug|Any CPU.ActiveCfg = Debug|Any CPU
		{DC1B5A58-29DA-476D-89F8-E73A1DB11E52}.Debug|Any CPU.Build.0 = Debug|Any CPU
		{DC1B5A58-29DA-476D-89F8-E73A1DB11E52}.Release|Any CPU.ActiveCfg = Release|Any CPU
		{DC1B5A58-29DA-476D-89F8-E73A1DB11E52}.Release|Any CPU.Build.0 = Release|Any CPU
		{DD54A9B0-80A9-4DD6-83A6-65359086CE18}.Debug (Linux)|Any CPU.ActiveCfg = Debug (Linux)|Any CPU
		{DD54A9B0-80A9-4DD6-83A6-65359086CE18}.Debug (Linux)|Any CPU.Build.0 = Debug (Linux)|Any CPU
		{DD54A9B0-80A9-4DD6-83A6-65359086CE18}.Debug|Any CPU.ActiveCfg = Debug|Any CPU
		{DD54A9B0-80A9-4DD6-83A6-65359086CE18}.Debug|Any CPU.Build.0 = Debug|Any CPU
		{DD54A9B0-80A9-4DD6-83A6-65359086CE18}.Release|Any CPU.ActiveCfg = Release|Any CPU
		{DD54A9B0-80A9-4DD6-83A6-65359086CE18}.Release|Any CPU.Build.0 = Release|Any CPU
		{97AFB764-0ADA-419A-8830-AC4D641EF917}.Debug (Linux)|Any CPU.ActiveCfg = Debug|Any CPU
		{97AFB764-0ADA-419A-8830-AC4D641EF917}.Debug (Linux)|Any CPU.Build.0 = Debug|Any CPU
		{97AFB764-0ADA-419A-8830-AC4D641EF917}.Debug|Any CPU.ActiveCfg = Debug|Any CPU
		{97AFB764-0ADA-419A-8830-AC4D641EF917}.Debug|Any CPU.Build.0 = Debug|Any CPU
		{97AFB764-0ADA-419A-8830-AC4D641EF917}.Release|Any CPU.ActiveCfg = Release|Any CPU
		{97AFB764-0ADA-419A-8830-AC4D641EF917}.Release|Any CPU.Build.0 = Release|Any CPU
	EndGlobalSection
	GlobalSection(SolutionProperties) = preSolution
		HideSolutionNode = FALSE
	EndGlobalSection
	GlobalSection(NestedProjects) = preSolution
		{46E37D7A-0E14-4BEF-92E5-63CA6D401A08} = {3D806B52-954A-4329-BDBE-64983D839BE3}
		{4741A4CB-17C5-4251-8045-AA1FBC6D66C3} = {27150B9A-2882-44D8-A366-BFAA0DB63EBD}
		{F7CFC71C-BF6B-4ACC-9168-0C37453E71CA} = {47204E0C-997C-49FB-8EA6-A976967E1C2D}
		{8FB9E895-673E-4CB6-8AE7-0161D6BAF611} = {C600FCAD-8FA5-4A7F-96F9-5A9F3FEBED5A}
		{8A67C53B-B83D-4C47-91E8-AF234F487A83} = {C600FCAD-8FA5-4A7F-96F9-5A9F3FEBED5A}
		{ED27591F-C6F8-467D-A1E7-28745348168E} = {27150B9A-2882-44D8-A366-BFAA0DB63EBD}
		{AC5AE36D-D529-4169-BB7B-0E24CEFC7F38} = {C600FCAD-8FA5-4A7F-96F9-5A9F3FEBED5A}
		{A3B658B5-645B-4354-BD3B-FEFF0EB3B88B} = {49302C23-B4F5-44AD-8E17-6453992E7388}
		{62CE4207-2260-4BAF-9885-92F731A5918F} = {49302C23-B4F5-44AD-8E17-6453992E7388}
		{49302C23-B4F5-44AD-8E17-6453992E7388} = {D53EA757-1F25-41C8-9B42-98A9FC9773BE}
		{C600FCAD-8FA5-4A7F-96F9-5A9F3FEBED5A} = {D53EA757-1F25-41C8-9B42-98A9FC9773BE}
		{A01A7020-70BD-45DA-BAC0-A206E54C004A} = {3D806B52-954A-4329-BDBE-64983D839BE3}
		{C4B5C120-3136-4308-A2E9-B1AAC8DFD0DA} = {27150B9A-2882-44D8-A366-BFAA0DB63EBD}
		{B9C5E2F2-2A8F-493B-8D0F-AE2496CF93E3} = {27150B9A-2882-44D8-A366-BFAA0DB63EBD}
		{66BE23DE-B7EF-4062-9C50-F74F7684EAE2} = {47204E0C-997C-49FB-8EA6-A976967E1C2D}
		{1C199635-BA2D-48ED-BC3D-0AD3FAA51450} = {27150B9A-2882-44D8-A366-BFAA0DB63EBD}
		{A829635A-BD54-4092-911F-6C54DBE96AE7} = {C600FCAD-8FA5-4A7F-96F9-5A9F3FEBED5A}
		{C5BE45E1-162E-4D06-8363-ABE2C642B455} = {D53EA757-1F25-41C8-9B42-98A9FC9773BE}
		{0E69640C-8DC2-4D0C-B5C3-C8311A88590C} = {C5BE45E1-162E-4D06-8363-ABE2C642B455}
		{104314D6-69BC-4C4D-B2DF-474A7AED0BFE} = {C5BE45E1-162E-4D06-8363-ABE2C642B455}
		{3226C218-0FB3-43A6-A67C-39CBAC704EA3} = {B28D3168-4904-4765-A9B3-3BF67BC038DF}
		{2D491EC8-11C5-4C02-B604-48B8458174E1} = {B28D3168-4904-4765-A9B3-3BF67BC038DF}
		{DC1B5A58-29DA-476D-89F8-E73A1DB11E52} = {B28D3168-4904-4765-A9B3-3BF67BC038DF}
		{DD54A9B0-80A9-4DD6-83A6-65359086CE18} = {B28D3168-4904-4765-A9B3-3BF67BC038DF}
		{97AFB764-0ADA-419A-8830-AC4D641EF917} = {47204E0C-997C-49FB-8EA6-A976967E1C2D}
	EndGlobalSection
	GlobalSection(ExtensibilityGlobals) = postSolution
		SolutionGuid = {634AD13F-6E6A-4CB5-8614-A6E4E0E1D7F8}
	EndGlobalSection
EndGlobal
